
Microsoft Visual Studio Solution File, Format Version 12.00
# Visual Studio Version 17
VisualStudioVersion = 17.0.31919.166
MinimumVisualStudioVersion = 10.0.40219.1
Project("{9A19103F-16F7-4668-BE54-9A1E7A4F7556}") = "tweetApi", "tweetApi\tweetApi.csproj", "{AE4A2532-F465-41DF-961A-D5BCE5B216C5}"
EndProject
Project("{9A19103F-16F7-4668-BE54-9A1E7A4F7556}") = "Core", "Core\Core.csproj", "{3B49CBF2-CED7-4897-9C09-2AA56CB6FEFD}"
EndProject
Project("{9A19103F-16F7-4668-BE54-9A1E7A4F7556}") = "DataSource", "DataSource\DataSource.csproj", "{CFD5D98E-EBEB-4884-84F9-CD22C51E7BD4}"
EndProject
Project("{9A19103F-16F7-4668-BE54-9A1E7A4F7556}") = "WebAPIExecutor", "WebAPIExecutor\WebAPIExecutor.csproj", "{B574A33A-A05A-43D8-8092-065B0CBB88AD}"
EndProject
Project("{FAE04EC0-301F-11D3-BF4B-00C04F79EFBC}") = "UserAPI", "UserAPI\UserAPI.csproj", "{3DA5A5E2-03C1-4CB7-9D07-CFE18496B0F6}"
EndProject
Global
	GlobalSection(SolutionConfigurationPlatforms) = preSolution
		Debug|Any CPU = Debug|Any CPU
		Release|Any CPU = Release|Any CPU
	EndGlobalSection
	GlobalSection(ProjectConfigurationPlatforms) = postSolution
		{AE4A2532-F465-41DF-961A-D5BCE5B216C5}.Debug|Any CPU.ActiveCfg = Debug|Any CPU
		{AE4A2532-F465-41DF-961A-D5BCE5B216C5}.Debug|Any CPU.Build.0 = Debug|Any CPU
		{AE4A2532-F465-41DF-961A-D5BCE5B216C5}.Release|Any CPU.ActiveCfg = Release|Any CPU
		{AE4A2532-F465-41DF-961A-D5BCE5B216C5}.Release|Any CPU.Build.0 = Release|Any CPU
		{3B49CBF2-CED7-4897-9C09-2AA56CB6FEFD}.Debug|Any CPU.ActiveCfg = Debug|Any CPU
		{3B49CBF2-CED7-4897-9C09-2AA56CB6FEFD}.Debug|Any CPU.Build.0 = Debug|Any CPU
		{3B49CBF2-CED7-4897-9C09-2AA56CB6FEFD}.Release|Any CPU.ActiveCfg = Release|Any CPU
		{3B49CBF2-CED7-4897-9C09-2AA56CB6FEFD}.Release|Any CPU.Build.0 = Release|Any CPU
		{CFD5D98E-EBEB-4884-84F9-CD22C51E7BD4}.Debug|Any CPU.ActiveCfg = Debug|Any CPU
		{CFD5D98E-EBEB-4884-84F9-CD22C51E7BD4}.Debug|Any CPU.Build.0 = Debug|Any CPU
		{CFD5D98E-EBEB-4884-84F9-CD22C51E7BD4}.Release|Any CPU.ActiveCfg = Release|Any CPU
		{CFD5D98E-EBEB-4884-84F9-CD22C51E7BD4}.Release|Any CPU.Build.0 = Release|Any CPU
		{B574A33A-A05A-43D8-8092-065B0CBB88AD}.Debug|Any CPU.ActiveCfg = Debug|Any CPU
		{B574A33A-A05A-43D8-8092-065B0CBB88AD}.Debug|Any CPU.Build.0 = Debug|Any CPU
		{B574A33A-A05A-43D8-8092-065B0CBB88AD}.Release|Any CPU.ActiveCfg = Release|Any CPU
		{B574A33A-A05A-43D8-8092-065B0CBB88AD}.Release|Any CPU.Build.0 = Release|Any CPU
		{3DA5A5E2-03C1-4CB7-9D07-CFE18496B0F6}.Debug|Any CPU.ActiveCfg = Debug|Any CPU
		{3DA5A5E2-03C1-4CB7-9D07-CFE18496B0F6}.Debug|Any CPU.Build.0 = Debug|Any CPU
		{3DA5A5E2-03C1-4CB7-9D07-CFE18496B0F6}.Release|Any CPU.ActiveCfg = Release|Any CPU
		{3DA5A5E2-03C1-4CB7-9D07-CFE18496B0F6}.Release|Any CPU.Build.0 = Release|Any CPU
	EndGlobalSection
	GlobalSection(SolutionProperties) = preSolution
		HideSolutionNode = FALSE
	EndGlobalSection
	GlobalSection(ExtensibilityGlobals) = postSolution
		SolutionGuid = {548DA0B6-B7C9-41F4-8B35-7171846A3114}
	EndGlobalSection
EndGlobal
